<?xml version="1.0" encoding="utf-8"?>
<Project ToolsVersion="16.0" xmlns="http://schemas.microsoft.com/developer/msbuild/2003">
  <ItemGroup>
    <ClCompile Include="C:\Users\Thomas\Desktop\CIS-441\project1e\project1E.cxx">
      <Filter>Source Files</Filter>
    </ClCompile>
  </ItemGroup>
  <ItemGroup>
    <CustomBuild Include="C:\Users\Thomas\Desktop\CIS-441\project1e\CMakeLists.txt" />
  </ItemGroup>
  <ItemGroup>
    <Filter Include="Source Files">
      <UniqueIdentifier>{9EDCE79F-4D09-32B6-B046-38E92D83A51C}</UniqueIdentifier>
    </Filter>
  </ItemGroup>
</Project>
