<?xml version="1.0" encoding="utf-8"?>
<Project ToolsVersion="16.0" xmlns="http://schemas.microsoft.com/developer/msbuild/2003">
  <ItemGroup>
    <CustomBuild Include="C:\Users\Thomas\Desktop\CIS-441\project1f\CMakeFiles\90eb8d081f6d4220f815f70e8fd6b9af\generate.stamp.rule">
      <Filter>CMake Rules</Filter>
    </CustomBuild>
  </ItemGroup>
  <ItemGroup>
    <Filter Include="CMake Rules">
      <UniqueIdentifier>{9955E163-552B-3E46-AABA-D1F3B6611683}</UniqueIdentifier>
    </Filter>
  </ItemGroup>
</Project>
