<?xml version="1.0" encoding="utf-8"?>
<Project ToolsVersion="16.0" xmlns="http://schemas.microsoft.com/developer/msbuild/2003">
  <ItemGroup>
    <CustomBuild Include="C:\Users\Thomas\Desktop\CIS-441\project2b\CMakeFiles\4f976bc92ec04fdbd24b2ea53d3d824d\generate.stamp.rule">
      <Filter>CMake Rules</Filter>
    </CustomBuild>
  </ItemGroup>
  <ItemGroup>
    <Filter Include="CMake Rules">
      <UniqueIdentifier>{3E067298-270F-33B7-8186-D1315DBFD520}</UniqueIdentifier>
    </Filter>
  </ItemGroup>
</Project>
